// !$*UTF8*$!
{
	archiveVersion = 1;
	classes = {
	};
	objectVersion = 50;
	objects = {

/* Begin PBXBuildFile section */
		8B79B319210C2A8A00373CDE /* AppDelegate.swift in Sources */ = {isa = PBXBuildFile; fileRef = 8B79B318210C2A8A00373CDE /* AppDelegate.swift */; };
		8B79B31B210C2A8A00373CDE /* ViewController.swift in Sources */ = {isa = PBXBuildFile; fileRef = 8B79B31A210C2A8A00373CDE /* ViewController.swift */; };
		8B79B31E210C2A8A00373CDE /* Main.storyboard in Resources */ = {isa = PBXBuildFile; fileRef = 8B79B31C210C2A8A00373CDE /* Main.storyboard */; };
		8B79B321210C2A8A00373CDE /* ECommerceApp.xcdatamodeld in Sources */ = {isa = PBXBuildFile; fileRef = 8B79B31F210C2A8A00373CDE /* ECommerceApp.xcdatamodeld */; };
		8B79B323210C2A8B00373CDE /* Assets.xcassets in Resources */ = {isa = PBXBuildFile; fileRef = 8B79B322210C2A8B00373CDE /* Assets.xcassets */; };
		8B79B326210C2A8B00373CDE /* LaunchScreen.storyboard in Resources */ = {isa = PBXBuildFile; fileRef = 8B79B324210C2A8B00373CDE /* LaunchScreen.storyboard */; };
		8B79B32E210C2BDA00373CDE /* ServiceManager.swift in Sources */ = {isa = PBXBuildFile; fileRef = 8B79B32D210C2BDA00373CDE /* ServiceManager.swift */; };
		8B79B330210C2BE500373CDE /* DataManager.swift in Sources */ = {isa = PBXBuildFile; fileRef = 8B79B32F210C2BE500373CDE /* DataManager.swift */; };
		8B79B332210C2BFF00373CDE /* RankingViewController.swift in Sources */ = {isa = PBXBuildFile; fileRef = 8B79B331210C2BFF00373CDE /* RankingViewController.swift */; };
		8B79B334210C2C0800373CDE /* DetailViewController.swift in Sources */ = {isa = PBXBuildFile; fileRef = 8B79B333210C2C0800373CDE /* DetailViewController.swift */; };
		8B79B336210C2C1B00373CDE /* ProductsTableViewController.swift in Sources */ = {isa = PBXBuildFile; fileRef = 8B79B335210C2C1B00373CDE /* ProductsTableViewController.swift */; };
		8B79B338210C2C2600373CDE /* SubCategoriesTableViewController.swift in Sources */ = {isa = PBXBuildFile; fileRef = 8B79B337210C2C2600373CDE /* SubCategoriesTableViewController.swift */; };
		8B79B376210C38B000373CDE /* Taxes+CoreDataClass.swift in Sources */ = {isa = PBXBuildFile; fileRef = 8B79B36C210C38B000373CDE /* Taxes+CoreDataClass.swift */; };
		8B79B377210C38B000373CDE /* Taxes+CoreDataProperties.swift in Sources */ = {isa = PBXBuildFile; fileRef = 8B79B36D210C38B000373CDE /* Taxes+CoreDataProperties.swift */; };
		8B79B378210C38B000373CDE /* Product+CoreDataClass.swift in Sources */ = {isa = PBXBuildFile; fileRef = 8B79B36E210C38B000373CDE /* Product+CoreDataClass.swift */; };
		8B79B379210C38B000373CDE /* Product+CoreDataProperties.swift in Sources */ = {isa = PBXBuildFile; fileRef = 8B79B36F210C38B000373CDE /* Product+CoreDataProperties.swift */; };
		8B79B37A210C38B000373CDE /* ChildCategories+CoreDataClass.swift in Sources */ = {isa = PBXBuildFile; fileRef = 8B79B370210C38B000373CDE /* ChildCategories+CoreDataClass.swift */; };
		8B79B37B210C38B000373CDE /* ChildCategories+CoreDataProperties.swift in Sources */ = {isa = PBXBuildFile; fileRef = 8B79B371210C38B000373CDE /* ChildCategories+CoreDataProperties.swift */; };
		8B79B37C210C38B000373CDE /* Categories+CoreDataClass.swift in Sources */ = {isa = PBXBuildFile; fileRef = 8B79B372210C38B000373CDE /* Categories+CoreDataClass.swift */; };
		8B79B37D210C38B000373CDE /* Categories+CoreDataProperties.swift in Sources */ = {isa = PBXBuildFile; fileRef = 8B79B373210C38B000373CDE /* Categories+CoreDataProperties.swift */; };
		8B79B37E210C38B000373CDE /* Variant+CoreDataClass.swift in Sources */ = {isa = PBXBuildFile; fileRef = 8B79B374210C38B000373CDE /* Variant+CoreDataClass.swift */; };
		8B79B37F210C38B000373CDE /* Variant+CoreDataProperties.swift in Sources */ = {isa = PBXBuildFile; fileRef = 8B79B375210C38B000373CDE /* Variant+CoreDataProperties.swift */; };
		C737BB50210E22E3008B2187 /* rightArrow.png in Resources */ = {isa = PBXBuildFile; fileRef = C737BB4F210E22E3008B2187 /* rightArrow.png */; };
/* End PBXBuildFile section */

/* Begin PBXFileReference section */
		8B79B315210C2A8A00373CDE /* ECommerceApp.app */ = {isa = PBXFileReference; explicitFileType = wrapper.application; includeInIndex = 0; path = ECommerceApp.app; sourceTree = BUILT_PRODUCTS_DIR; };
		8B79B318210C2A8A00373CDE /* AppDelegate.swift */ = {isa = PBXFileReference; lastKnownFileType = sourcecode.swift; path = AppDelegate.swift; sourceTree = "<group>"; };
		8B79B31A210C2A8A00373CDE /* ViewController.swift */ = {isa = PBXFileReference; lastKnownFileType = sourcecode.swift; path = ViewController.swift; sourceTree = "<group>"; };
		8B79B31D210C2A8A00373CDE /* Base */ = {isa = PBXFileReference; lastKnownFileType = file.storyboard; name = Base; path = Base.lproj/Main.storyboard; sourceTree = "<group>"; };
		8B79B320210C2A8A00373CDE /* ECommerceApp.xcdatamodel */ = {isa = PBXFileReference; lastKnownFileType = wrapper.xcdatamodel; path = ECommerceApp.xcdatamodel; sourceTree = "<group>"; };
		8B79B322210C2A8B00373CDE /* Assets.xcassets */ = {isa = PBXFileReference; lastKnownFileType = folder.assetcatalog; path = Assets.xcassets; sourceTree = "<group>"; };
		8B79B325210C2A8B00373CDE /* Base */ = {isa = PBXFileReference; lastKnownFileType = file.storyboard; name = Base; path = Base.lproj/LaunchScreen.storyboard; sourceTree = "<group>"; };
		8B79B327210C2A8B00373CDE /* Info.plist */ = {isa = PBXFileReference; lastKnownFileType = text.plist.xml; path = Info.plist; sourceTree = "<group>"; };
		8B79B32D210C2BDA00373CDE /* ServiceManager.swift */ = {isa = PBXFileReference; lastKnownFileType = sourcecode.swift; path = ServiceManager.swift; sourceTree = "<group>"; };
		8B79B32F210C2BE500373CDE /* DataManager.swift */ = {isa = PBXFileReference; lastKnownFileType = sourcecode.swift; path = DataManager.swift; sourceTree = "<group>"; };
		8B79B331210C2BFF00373CDE /* RankingViewController.swift */ = {isa = PBXFileReference; lastKnownFileType = sourcecode.swift; path = RankingViewController.swift; sourceTree = "<group>"; };
		8B79B333210C2C0800373CDE /* DetailViewController.swift */ = {isa = PBXFileReference; lastKnownFileType = sourcecode.swift; path = DetailViewController.swift; sourceTree = "<group>"; };
		8B79B335210C2C1B00373CDE /* ProductsTableViewController.swift */ = {isa = PBXFileReference; lastKnownFileType = sourcecode.swift; path = ProductsTableViewController.swift; sourceTree = "<group>"; };
		8B79B337210C2C2600373CDE /* SubCategoriesTableViewController.swift */ = {isa = PBXFileReference; lastKnownFileType = sourcecode.swift; path = SubCategoriesTableViewController.swift; sourceTree = "<group>"; };
		8B79B36C210C38B000373CDE /* Taxes+CoreDataClass.swift */ = {isa = PBXFileReference; lastKnownFileType = sourcecode.swift; path = "Taxes+CoreDataClass.swift"; sourceTree = "<group>"; };
		8B79B36D210C38B000373CDE /* Taxes+CoreDataProperties.swift */ = {isa = PBXFileReference; lastKnownFileType = sourcecode.swift; path = "Taxes+CoreDataProperties.swift"; sourceTree = "<group>"; };
		8B79B36E210C38B000373CDE /* Product+CoreDataClass.swift */ = {isa = PBXFileReference; lastKnownFileType = sourcecode.swift; path = "Product+CoreDataClass.swift"; sourceTree = "<group>"; };
		8B79B36F210C38B000373CDE /* Product+CoreDataProperties.swift */ = {isa = PBXFileReference; lastKnownFileType = sourcecode.swift; path = "Product+CoreDataProperties.swift"; sourceTree = "<group>"; };
		8B79B370210C38B000373CDE /* ChildCategories+CoreDataClass.swift */ = {isa = PBXFileReference; lastKnownFileType = sourcecode.swift; path = "ChildCategories+CoreDataClass.swift"; sourceTree = "<group>"; };
		8B79B371210C38B000373CDE /* ChildCategories+CoreDataProperties.swift */ = {isa = PBXFileReference; lastKnownFileType = sourcecode.swift; path = "ChildCategories+CoreDataProperties.swift"; sourceTree = "<group>"; };
		8B79B372210C38B000373CDE /* Categories+CoreDataClass.swift */ = {isa = PBXFileReference; lastKnownFileType = sourcecode.swift; path = "Categories+CoreDataClass.swift"; sourceTree = "<group>"; };
		8B79B373210C38B000373CDE /* Categories+CoreDataProperties.swift */ = {isa = PBXFileReference; lastKnownFileType = sourcecode.swift; path = "Categories+CoreDataProperties.swift"; sourceTree = "<group>"; };
		8B79B374210C38B000373CDE /* Variant+CoreDataClass.swift */ = {isa = PBXFileReference; lastKnownFileType = sourcecode.swift; path = "Variant+CoreDataClass.swift"; sourceTree = "<group>"; };
		8B79B375210C38B000373CDE /* Variant+CoreDataProperties.swift */ = {isa = PBXFileReference; lastKnownFileType = sourcecode.swift; path = "Variant+CoreDataProperties.swift"; sourceTree = "<group>"; };
		C737BB4F210E22E3008B2187 /* rightArrow.png */ = {isa = PBXFileReference; lastKnownFileType = image.png; path = rightArrow.png; sourceTree = "<group>"; };
/* End PBXFileReference section */

/* Begin PBXFrameworksBuildPhase section */
		8B79B312210C2A8A00373CDE /* Frameworks */ = {
			isa = PBXFrameworksBuildPhase;
			buildActionMask = 2147483647;
			files = (
			);
			runOnlyForDeploymentPostprocessing = 0;
		};
/* End PBXFrameworksBuildPhase section */

/* Begin PBXGroup section */
		8B79B30C210C2A8A00373CDE = {
			isa = PBXGroup;
			children = (
				8B79B317210C2A8A00373CDE /* ECommerceApp */,
				8B79B316210C2A8A00373CDE /* Products */,
			);
			sourceTree = "<group>";
		};
		8B79B316210C2A8A00373CDE /* Products */ = {
			isa = PBXGroup;
			children = (
				8B79B315210C2A8A00373CDE /* ECommerceApp.app */,
			);
			name = Products;
			sourceTree = "<group>";
		};
		8B79B317210C2A8A00373CDE /* ECommerceApp */ = {
			isa = PBXGroup;
			children = (
				8B79B339210C37DA00373CDE /* DataModel */,
				8B79B318210C2A8A00373CDE /* AppDelegate.swift */,
				8B79B31A210C2A8A00373CDE /* ViewController.swift */,
				8B79B32D210C2BDA00373CDE /* ServiceManager.swift */,
				8B79B32F210C2BE500373CDE /* DataManager.swift */,
				8B79B331210C2BFF00373CDE /* RankingViewController.swift */,
				8B79B333210C2C0800373CDE /* DetailViewController.swift */,
				8B79B335210C2C1B00373CDE /* ProductsTableViewController.swift */,
				8B79B337210C2C2600373CDE /* SubCategoriesTableViewController.swift */,
				8B79B31C210C2A8A00373CDE /* Main.storyboard */,
				C737BB4F210E22E3008B2187 /* rightArrow.png */,
				8B79B322210C2A8B00373CDE /* Assets.xcassets */,
				8B79B324210C2A8B00373CDE /* LaunchScreen.storyboard */,
				8B79B327210C2A8B00373CDE /* Info.plist */,
				8B79B31F210C2A8A00373CDE /* ECommerceApp.xcdatamodeld */,
			);
			path = ECommerceApp;
			sourceTree = "<group>";
		};
		8B79B339210C37DA00373CDE /* DataModel */ = {
			isa = PBXGroup;
			children = (
				8B79B36C210C38B000373CDE /* Taxes+CoreDataClass.swift */,
				8B79B36D210C38B000373CDE /* Taxes+CoreDataProperties.swift */,
				8B79B36E210C38B000373CDE /* Product+CoreDataClass.swift */,
				8B79B36F210C38B000373CDE /* Product+CoreDataProperties.swift */,
				8B79B370210C38B000373CDE /* ChildCategories+CoreDataClass.swift */,
				8B79B371210C38B000373CDE /* ChildCategories+CoreDataProperties.swift */,
				8B79B372210C38B000373CDE /* Categories+CoreDataClass.swift */,
				8B79B373210C38B000373CDE /* Categories+CoreDataProperties.swift */,
				8B79B374210C38B000373CDE /* Variant+CoreDataClass.swift */,
				8B79B375210C38B000373CDE /* Variant+CoreDataProperties.swift */,
			);
			path = DataModel;
			sourceTree = "<group>";
		};
/* End PBXGroup section */

/* Begin PBXNativeTarget section */
		8B79B314210C2A8A00373CDE /* ECommerceApp */ = {
			isa = PBXNativeTarget;
			buildConfigurationList = 8B79B32A210C2A8B00373CDE /* Build configuration list for PBXNativeTarget "ECommerceApp" */;
			buildPhases = (
				8B79B311210C2A8A00373CDE /* Sources */,
				8B79B312210C2A8A00373CDE /* Frameworks */,
				8B79B313210C2A8A00373CDE /* Resources */,
			);
			buildRules = (
			);
			dependencies = (
			);
			name = ECommerceApp;
			productName = ECommerceApp;
			productReference = 8B79B315210C2A8A00373CDE /* ECommerceApp.app */;
			productType = "com.apple.product-type.application";
		};
/* End PBXNativeTarget section */

/* Begin PBXProject section */
		8B79B30D210C2A8A00373CDE /* Project object */ = {
			isa = PBXProject;
			attributes = {
				LastSwiftUpdateCheck = 0940;
				LastUpgradeCheck = 0940;
				ORGANIZATIONNAME = "Naveenkrishna Manda";
				TargetAttributes = {
					8B79B314210C2A8A00373CDE = {
						CreatedOnToolsVersion = 9.4;
						LastSwiftMigration = 0940;
					};
				};
			};
			buildConfigurationList = 8B79B310210C2A8A00373CDE /* Build configuration list for PBXProject "ECommerceApp" */;
			compatibilityVersion = "Xcode 9.3";
			developmentRegion = en;
			hasScannedForEncodings = 0;
			knownRegions = (
				en,
				Base,
			);
			mainGroup = 8B79B30C210C2A8A00373CDE;
			productRefGroup = 8B79B316210C2A8A00373CDE /* Products */;
			projectDirPath = "";
			projectRoot = "";
			targets = (
				8B79B314210C2A8A00373CDE /* ECommerceApp */,
			);
		};
/* End PBXProject section */

/* Begin PBXResourcesBuildPhase section */
		8B79B313210C2A8A00373CDE /* Resources */ = {
			isa = PBXResourcesBuildPhase;
			buildActionMask = 2147483647;
			files = (
				8B79B326210C2A8B00373CDE /* LaunchScreen.storyboard in Resources */,
				8B79B323210C2A8B00373CDE /* Assets.xcassets in Resources */,
				C737BB50210E22E3008B2187 /* rightArrow.png in Resources */,
				8B79B31E210C2A8A00373CDE /* Main.storyboard in Resources */,
			);
			runOnlyForDeploymentPostprocessing = 0;
		};
/* End PBXResourcesBuildPhase section */

/* Begin PBXSourcesBuildPhase section */
		8B79B311210C2A8A00373CDE /* Sources */ = {
			isa = PBXSourcesBuildPhase;
			buildActionMask = 2147483647;
			files = (
				8B79B379210C38B000373CDE /* Product+CoreDataProperties.swift in Sources */,
				8B79B37B210C38B000373CDE /* ChildCategories+CoreDataProperties.swift in Sources */,
				8B79B31B210C2A8A00373CDE /* ViewController.swift in Sources */,
				8B79B37E210C38B000373CDE /* Variant+CoreDataClass.swift in Sources */,
				8B79B37F210C38B000373CDE /* Variant+CoreDataProperties.swift in Sources */,
				8B79B37C210C38B000373CDE /* Categories+CoreDataClass.swift in Sources */,
				8B79B330210C2BE500373CDE /* DataManager.swift in Sources */,
				8B79B338210C2C2600373CDE /* SubCategoriesTableViewController.swift in Sources */,
				8B79B376210C38B000373CDE /* Taxes+CoreDataClass.swift in Sources */,
				8B79B37D210C38B000373CDE /* Categories+CoreDataProperties.swift in Sources */,
				8B79B377210C38B000373CDE /* Taxes+CoreDataProperties.swift in Sources */,
				8B79B321210C2A8A00373CDE /* ECommerceApp.xcdatamodeld in Sources */,
				8B79B319210C2A8A00373CDE /* AppDelegate.swift in Sources */,
				8B79B32E210C2BDA00373CDE /* ServiceManager.swift in Sources */,
				8B79B336210C2C1B00373CDE /* ProductsTableViewController.swift in Sources */,
				8B79B332210C2BFF00373CDE /* RankingViewController.swift in Sources */,
				8B79B334210C2C0800373CDE /* DetailViewController.swift in Sources */,
				8B79B37A210C38B000373CDE /* ChildCategories+CoreDataClass.swift in Sources */,
				8B79B378210C38B000373CDE /* Product+CoreDataClass.swift in Sources */,
			);
			runOnlyForDeploymentPostprocessing = 0;
		};
/* End PBXSourcesBuildPhase section */

/* Begin PBXVariantGroup section */
		8B79B31C210C2A8A00373CDE /* Main.storyboard */ = {
			isa = PBXVariantGroup;
			children = (
				8B79B31D210C2A8A00373CDE /* Base */,
			);
			name = Main.storyboard;
			sourceTree = "<group>";
		};
		8B79B324210C2A8B00373CDE /* LaunchScreen.storyboard */ = {
			isa = PBXVariantGroup;
			children = (
				8B79B325210C2A8B00373CDE /* Base */,
			);
			name = LaunchScreen.storyboard;
			sourceTree = "<group>";
		};
/* End PBXVariantGroup section */

/* Begin XCBuildConfiguration section */
		8B79B328210C2A8B00373CDE /* Debug */ = {
			isa = XCBuildConfiguration;
			buildSettings = {
				ALWAYS_SEARCH_USER_PATHS = NO;
				CLANG_ANALYZER_NONNULL = YES;
				CLANG_ANALYZER_NUMBER_OBJECT_CONVERSION = YES_AGGRESSIVE;
				CLANG_CXX_LANGUAGE_STANDARD = "gnu++14";
				CLANG_CXX_LIBRARY = "libc++";
				CLANG_ENABLE_MODULES = YES;
				CLANG_ENABLE_OBJC_ARC = YES;
				CLANG_ENABLE_OBJC_WEAK = YES;
				CLANG_WARN_BLOCK_CAPTURE_AUTORELEASING = YES;
				CLANG_WARN_BOOL_CONVERSION = YES;
				CLANG_WARN_COMMA = YES;
				CLANG_WARN_CONSTANT_CONVERSION = YES;
				CLANG_WARN_DEPRECATED_OBJC_IMPLEMENTATIONS = YES;
				CLANG_WARN_DIRECT_OBJC_ISA_USAGE = YES_ERROR;
				CLANG_WARN_DOCUMENTATION_COMMENTS = YES;
				CLANG_WARN_EMPTY_BODY = YES;
				CLANG_WARN_ENUM_CONVERSION = YES;
				CLANG_WARN_INFINITE_RECURSION = YES;
				CLANG_WARN_INT_CONVERSION = YES;
				CLANG_WARN_NON_LITERAL_NULL_CONVERSION = YES;
				CLANG_WARN_OBJC_IMPLICIT_RETAIN_SELF = YES;
				CLANG_WARN_OBJC_LITERAL_CONVERSION = YES;
				CLANG_WARN_OBJC_ROOT_CLASS = YES_ERROR;
				CLANG_WARN_RANGE_LOOP_ANALYSIS = YES;
				CLANG_WARN_STRICT_PROTOTYPES = YES;
				CLANG_WARN_SUSPICIOUS_MOVE = YES;
				CLANG_WARN_UNGUARDED_AVAILABILITY = YES_AGGRESSIVE;
				CLANG_WARN_UNREACHABLE_CODE = YES;
				CLANG_WARN__DUPLICATE_METHOD_MATCH = YES;
				CODE_SIGN_IDENTITY = "iPhone Developer";
				COPY_PHASE_STRIP = NO;
				DEBUG_INFORMATION_FORMAT = dwarf;
				ENABLE_STRICT_OBJC_MSGSEND = YES;
				ENABLE_TESTABILITY = YES;
				GCC_C_LANGUAGE_STANDARD = gnu11;
				GCC_DYNAMIC_NO_PIC = NO;
				GCC_NO_COMMON_BLOCKS = YES;
				GCC_OPTIMIZATION_LEVEL = 0;
				GCC_PREPROCESSOR_DEFINITIONS = (
					"DEBUG=1",
					"$(inherited)",
				);
				GCC_WARN_64_TO_32_BIT_CONVERSION = YES;
				GCC_WARN_ABOUT_RETURN_TYPE = YES_ERROR;
				GCC_WARN_UNDECLARED_SELECTOR = YES;
				GCC_WARN_UNINITIALIZED_AUTOS = YES_AGGRESSIVE;
				GCC_WARN_UNUSED_FUNCTION = YES;
				GCC_WARN_UNUSED_VARIABLE = YES;
				IPHONEOS_DEPLOYMENT_TARGET = 11.4;
				MTL_ENABLE_DEBUG_INFO = YES;
				ONLY_ACTIVE_ARCH = YES;
				SDKROOT = iphoneos;
				SWIFT_ACTIVE_COMPILATION_CONDITIONS = DEBUG;
				SWIFT_OPTIMIZATION_LEVEL = "-Onone";
			};
			name = Debug;
		};
		8B79B329210C2A8B00373CDE /* Release */ = {
			isa = XCBuildConfiguration;
			buildSettings = {
				ALWAYS_SEARCH_USER_PATHS = NO;
				CLANG_ANALYZER_NONNULL = YES;
				CLANG_ANALYZER_NUMBER_OBJECT_CONVERSION = YES_AGGRESSIVE;
				CLANG_CXX_LANGUAGE_STANDARD = "gnu++14";
				CLANG_CXX_LIBRARY = "libc++";
				CLANG_ENABLE_MODULES = YES;
				CLANG_ENABLE_OBJC_ARC = YES;
				CLANG_ENABLE_OBJC_WEAK = YES;
				CLANG_WARN_BLOCK_CAPTURE_AUTORELEASING = YES;
				CLANG_WARN_BOOL_CONVERSION = YES;
				CLANG_WARN_COMMA = YES;
				CLANG_WARN_CONSTANT_CONVERSION = YES;
				CLANG_WARN_DEPRECATED_OBJC_IMPLEMENTATIONS = YES;
				CLANG_WARN_DIRECT_OBJC_ISA_USAGE = YES_ERROR;
				CLANG_WARN_DOCUMENTATION_COMMENTS = YES;
				CLANG_WARN_EMPTY_BODY = YES;
				CLANG_WARN_ENUM_CONVERSION = YES;
				CLANG_WARN_INFINITE_RECURSION = YES;
				CLANG_WARN_INT_CONVERSION = YES;
				CLANG_WARN_NON_LITERAL_NULL_CONVERSION = YES;
				CLANG_WARN_OBJC_IMPLICIT_RETAIN_SELF = YES;
				CLANG_WARN_OBJC_LITERAL_CONVERSION = YES;
				CLANG_WARN_OBJC_ROOT_CLASS = YES_ERROR;
				CLANG_WARN_RANGE_LOOP_ANALYSIS = YES;
				CLANG_WARN_STRICT_PROTOTYPES = YES;
				CLANG_WARN_SUSPICIOUS_MOVE = YES;
				CLANG_WARN_UNGUARDED_AVAILABILITY = YES_AGGRESSIVE;
				CLANG_WARN_UNREACHABLE_CODE = YES;
				CLANG_WARN__DUPLICATE_METHOD_MATCH = YES;
				CODE_SIGN_IDENTITY = "iPhone Developer";
				COPY_PHASE_STRIP = NO;
				DEBUG_INFORMATION_FORMAT = "dwarf-with-dsym";
				ENABLE_NS_ASSERTIONS = NO;
				ENABLE_STRICT_OBJC_MSGSEND = YES;
				GCC_C_LANGUAGE_STANDARD = gnu11;
				GCC_NO_COMMON_BLOCKS = YES;
				GCC_WARN_64_TO_32_BIT_CONVERSION = YES;
				GCC_WARN_ABOUT_RETURN_TYPE = YES_ERROR;
				GCC_WARN_UNDECLARED_SELECTOR = YES;
				GCC_WARN_UNINITIALIZED_AUTOS = YES_AGGRESSIVE;
				GCC_WARN_UNUSED_FUNCTION = YES;
				GCC_WARN_UNUSED_VARIABLE = YES;
				IPHONEOS_DEPLOYMENT_TARGET = 11.4;
				MTL_ENABLE_DEBUG_INFO = NO;
				SDKROOT = iphoneos;
				SWIFT_COMPILATION_MODE = wholemodule;
				SWIFT_OPTIMIZATION_LEVEL = "-O";
				VALIDATE_PRODUCT = YES;
			};
			name = Release;
		};
		8B79B32B210C2A8B00373CDE /* Debug */ = {
			isa = XCBuildConfiguration;
			buildSettings = {
				ASSETCATALOG_COMPILER_APPICON_NAME = AppIcon;
				CLANG_ENABLE_MODULES = YES;
				CODE_SIGN_STYLE = Automatic;
				INFOPLIST_FILE = ECommerceApp/Info.plist;
				LD_RUNPATH_SEARCH_PATHS = (
					"$(inherited)",
					"@executable_path/Frameworks",
				);
				PRODUCT_BUNDLE_IDENTIFIER = com.heady.ecommerce;
				PRODUCT_NAME = "$(TARGET_NAME)";
				SWIFT_OPTIMIZATION_LEVEL = "-Onone";
				SWIFT_VERSION = 4.0;
				TARGETED_DEVICE_FAMILY = "1,2";
			};
			name = Debug;
		};
		8B79B32C210C2A8B00373CDE /* Release */ = {
			isa = XCBuildConfiguration;
			buildSettings = {
				ASSETCATALOG_COMPILER_APPICON_NAME = AppIcon;
				CLANG_ENABLE_MODULES = YES;
				CODE_SIGN_STYLE = Automatic;
				INFOPLIST_FILE = ECommerceApp/Info.plist;
				LD_RUNPATH_SEARCH_PATHS = (
					"$(inherited)",
					"@executable_path/Frameworks",
				);
				PRODUCT_BUNDLE_IDENTIFIER = com.heady.ecommerce;
				PRODUCT_NAME = "$(TARGET_NAME)";
				SWIFT_VERSION = 4.0;
				TARGETED_DEVICE_FAMILY = "1,2";
			};
			name = Release;
		};
/* End XCBuildConfiguration section */

/* Begin XCConfigurationList section */
		8B79B310210C2A8A00373CDE /* Build configuration list for PBXProject "ECommerceApp" */ = {
			isa = XCConfigurationList;
			buildConfigurations = (
				8B79B328210C2A8B00373CDE /* Debug */,
				8B79B329210C2A8B00373CDE /* Release */,
			);
			defaultConfigurationIsVisible = 0;
			defaultConfigurationName = Release;
		};
		8B79B32A210C2A8B00373CDE /* Build configuration list for PBXNativeTarget "ECommerceApp" */ = {
			isa = XCConfigurationList;
			buildConfigurations = (
				8B79B32B210C2A8B00373CDE /* Debug */,
				8B79B32C210C2A8B00373CDE /* Release */,
			);
			defaultConfigurationIsVisible = 0;
			defaultConfigurationName = Release;
		};
/* End XCConfigurationList section */

/* Begin XCVersionGroup section */
		8B79B31F210C2A8A00373CDE /* ECommerceApp.xcdatamodeld */ = {
			isa = XCVersionGroup;
			children = (
				8B79B320210C2A8A00373CDE /* ECommerceApp.xcdatamodel */,
			);
			currentVersion = 8B79B320210C2A8A00373CDE /* ECommerceApp.xcdatamodel */;
			path = ECommerceApp.xcdatamodeld;
			sourceTree = "<group>";
			versionGroupType = wrapper.xcdatamodel;
		};
/* End XCVersionGroup section */
	};
	rootObject = 8B79B30D210C2A8A00373CDE /* Project object */;
}
