// !$*UTF8*$!
{
	archiveVersion = 1;
	classes = {
	};
	objectVersion = 50;
	objects = {

/* Begin PBXBuildFile section */
		C76CCBEF20F35F2200C80859 /* AppDelegate.m in Sources */ = {isa = PBXBuildFile; fileRef = C76CCBEE20F35F2200C80859 /* AppDelegate.m */; };
		C76CCBF220F35F2200C80859 /* ViewController.m in Sources */ = {isa = PBXBuildFile; fileRef = C76CCBF120F35F2200C80859 /* ViewController.m */; };
		C76CCBF520F35F2200C80859 /* Main.storyboard in Resources */ = {isa = PBXBuildFile; fileRef = C76CCBF320F35F2200C80859 /* Main.storyboard */; };
		C76CCBF820F35F2200C80859 /* ECommerceApp.xcdatamodeld in Sources */ = {isa = PBXBuildFile; fileRef = C76CCBF620F35F2200C80859 /* ECommerceApp.xcdatamodeld */; };
		C76CCBFA20F35F2500C80859 /* Assets.xcassets in Resources */ = {isa = PBXBuildFile; fileRef = C76CCBF920F35F2500C80859 /* Assets.xcassets */; };
		C76CCBFD20F35F2500C80859 /* LaunchScreen.storyboard in Resources */ = {isa = PBXBuildFile; fileRef = C76CCBFB20F35F2500C80859 /* LaunchScreen.storyboard */; };
		C76CCC0020F35F2500C80859 /* main.m in Sources */ = {isa = PBXBuildFile; fileRef = C76CCBFF20F35F2500C80859 /* main.m */; };
/* End PBXBuildFile section */

/* Begin PBXFileReference section */
		C76CCBEA20F35F2200C80859 /* ECommerceApp.app */ = {isa = PBXFileReference; explicitFileType = wrapper.application; includeInIndex = 0; path = ECommerceApp.app; sourceTree = BUILT_PRODUCTS_DIR; };
		C76CCBED20F35F2200C80859 /* AppDelegate.h */ = {isa = PBXFileReference; lastKnownFileType = sourcecode.c.h; path = AppDelegate.h; sourceTree = "<group>"; };
		C76CCBEE20F35F2200C80859 /* AppDelegate.m */ = {isa = PBXFileReference; lastKnownFileType = sourcecode.c.objc; path = AppDelegate.m; sourceTree = "<group>"; };
		C76CCBF020F35F2200C80859 /* ViewController.h */ = {isa = PBXFileReference; lastKnownFileType = sourcecode.c.h; path = ViewController.h; sourceTree = "<group>"; };
		C76CCBF120F35F2200C80859 /* ViewController.m */ = {isa = PBXFileReference; lastKnownFileType = sourcecode.c.objc; path = ViewController.m; sourceTree = "<group>"; };
		C76CCBF420F35F2200C80859 /* Base */ = {isa = PBXFileReference; lastKnownFileType = file.storyboard; name = Base; path = Base.lproj/Main.storyboard; sourceTree = "<group>"; };
		C76CCBF720F35F2200C80859 /* ECommerceApp.xcdatamodel */ = {isa = PBXFileReference; lastKnownFileType = wrapper.xcdatamodel; path = ECommerceApp.xcdatamodel; sourceTree = "<group>"; };
		C76CCBF920F35F2500C80859 /* Assets.xcassets */ = {isa = PBXFileReference; lastKnownFileType = folder.assetcatalog; path = Assets.xcassets; sourceTree = "<group>"; };
		C76CCBFC20F35F2500C80859 /* Base */ = {isa = PBXFileReference; lastKnownFileType = file.storyboard; name = Base; path = Base.lproj/LaunchScreen.storyboard; sourceTree = "<group>"; };
		C76CCBFE20F35F2500C80859 /* Info.plist */ = {isa = PBXFileReference; lastKnownFileType = text.plist.xml; path = Info.plist; sourceTree = "<group>"; };
		C76CCBFF20F35F2500C80859 /* main.m */ = {isa = PBXFileReference; lastKnownFileType = sourcecode.c.objc; path = main.m; sourceTree = "<group>"; };
/* End PBXFileReference section */

/* Begin PBXFrameworksBuildPhase section */
		C76CCBE720F35F2200C80859 /* Frameworks */ = {
			isa = PBXFrameworksBuildPhase;
			buildActionMask = 2147483647;
			files = (
			);
			runOnlyForDeploymentPostprocessing = 0;
		};
/* End PBXFrameworksBuildPhase section */

/* Begin PBXGroup section */
		C76CCBE120F35F2200C80859 = {
			isa = PBXGroup;
			children = (
				C76CCBEC20F35F2200C80859 /* ECommerceApp */,
				C76CCBEB20F35F2200C80859 /* Products */,
			);
			sourceTree = "<group>";
		};
		C76CCBEB20F35F2200C80859 /* Products */ = {
			isa = PBXGroup;
			children = (
				C76CCBEA20F35F2200C80859 /* ECommerceApp.app */,
			);
			name = Products;
			sourceTree = "<group>";
		};
		C76CCBEC20F35F2200C80859 /* ECommerceApp */ = {
			isa = PBXGroup;
			children = (
				C76CCBED20F35F2200C80859 /* AppDelegate.h */,
				C76CCBEE20F35F2200C80859 /* AppDelegate.m */,
				C76CCBF020F35F2200C80859 /* ViewController.h */,
				C76CCBF120F35F2200C80859 /* ViewController.m */,
				C76CCBF320F35F2200C80859 /* Main.storyboard */,
				C76CCBF920F35F2500C80859 /* Assets.xcassets */,
				C76CCBFB20F35F2500C80859 /* LaunchScreen.storyboard */,
				C76CCBFE20F35F2500C80859 /* Info.plist */,
				C76CCBFF20F35F2500C80859 /* main.m */,
				C76CCBF620F35F2200C80859 /* ECommerceApp.xcdatamodeld */,
			);
			path = ECommerceApp;
			sourceTree = "<group>";
		};
/* End PBXGroup section */

/* Begin PBXNativeTarget section */
		C76CCBE920F35F2200C80859 /* ECommerceApp */ = {
			isa = PBXNativeTarget;
			buildConfigurationList = C76CCC0320F35F2500C80859 /* Build configuration list for PBXNativeTarget "ECommerceApp" */;
			buildPhases = (
				C76CCBE620F35F2200C80859 /* Sources */,
				C76CCBE720F35F2200C80859 /* Frameworks */,
				C76CCBE820F35F2200C80859 /* Resources */,
			);
			buildRules = (
			);
			dependencies = (
			);
			name = ECommerceApp;
			productName = ECommerceApp;
			productReference = C76CCBEA20F35F2200C80859 /* ECommerceApp.app */;
			productType = "com.apple.product-type.application";
		};
/* End PBXNativeTarget section */

/* Begin PBXProject section */
		C76CCBE220F35F2200C80859 /* Project object */ = {
			isa = PBXProject;
			attributes = {
				LastUpgradeCheck = 0940;
				ORGANIZATIONNAME = "Prateek Raj";
				TargetAttributes = {
					C76CCBE920F35F2200C80859 = {
						CreatedOnToolsVersion = 9.4.1;
					};
				};
			};
			buildConfigurationList = C76CCBE520F35F2200C80859 /* Build configuration list for PBXProject "ECommerceApp" */;
			compatibilityVersion = "Xcode 9.3";
			developmentRegion = en;
			hasScannedForEncodings = 0;
			knownRegions = (
				en,
				Base,
			);
			mainGroup = C76CCBE120F35F2200C80859;
			productRefGroup = C76CCBEB20F35F2200C80859 /* Products */;
			projectDirPath = "";
			projectRoot = "";
			targets = (
				C76CCBE920F35F2200C80859 /* ECommerceApp */,
			);
		};
/* End PBXProject section */

/* Begin PBXResourcesBuildPhase section */
		C76CCBE820F35F2200C80859 /* Resources */ = {
			isa = PBXResourcesBuildPhase;
			buildActionMask = 2147483647;
			files = (
				C76CCBFD20F35F2500C80859 /* LaunchScreen.storyboard in Resources */,
				C76CCBFA20F35F2500C80859 /* Assets.xcassets in Resources */,
				C76CCBF520F35F2200C80859 /* Main.storyboard in Resources */,
			);
			runOnlyForDeploymentPostprocessing = 0;
		};
/* End PBXResourcesBuildPhase section */

/* Begin PBXSourcesBuildPhase section */
		C76CCBE620F35F2200C80859 /* Sources */ = {
			isa = PBXSourcesBuildPhase;
			buildActionMask = 2147483647;
			files = (
				C76CCBF220F35F2200C80859 /* ViewController.m in Sources */,
				C76CCBF820F35F2200C80859 /* ECommerceApp.xcdatamodeld in Sources */,
				C76CCC0020F35F2500C80859 /* main.m in Sources */,
				C76CCBEF20F35F2200C80859 /* AppDelegate.m in Sources */,
			);
			runOnlyForDeploymentPostprocessing = 0;
		};
/* End PBXSourcesBuildPhase section */

/* Begin PBXVariantGroup section */
		C76CCBF320F35F2200C80859 /* Main.storyboard */ = {
			isa = PBXVariantGroup;
			children = (
				C76CCBF420F35F2200C80859 /* Base */,
			);
			name = Main.storyboard;
			sourceTree = "<group>";
		};
		C76CCBFB20F35F2500C80859 /* LaunchScreen.storyboard */ = {
			isa = PBXVariantGroup;
			children = (
				C76CCBFC20F35F2500C80859 /* Base */,
			);
			name = LaunchScreen.storyboard;
			sourceTree = "<group>";
		};
/* End PBXVariantGroup section */

/* Begin XCBuildConfiguration section */
		C76CCC0120F35F2500C80859 /* Debug */ = {
			isa = XCBuildConfiguration;
			buildSettings = {
				ALWAYS_SEARCH_USER_PATHS = NO;
				CLANG_ANALYZER_NONNULL = YES;
				CLANG_ANALYZER_NUMBER_OBJECT_CONVERSION = YES_AGGRESSIVE;
				CLANG_CXX_LANGUAGE_STANDARD = "gnu++14";
				CLANG_CXX_LIBRARY = "libc++";
				CLANG_ENABLE_MODULES = YES;
				CLANG_ENABLE_OBJC_ARC = YES;
				CLANG_ENABLE_OBJC_WEAK = YES;
				CLANG_WARN_BLOCK_CAPTURE_AUTORELEASING = YES;
				CLANG_WARN_BOOL_CONVERSION = YES;
				CLANG_WARN_COMMA = YES;
				CLANG_WARN_CONSTANT_CONVERSION = YES;
				CLANG_WARN_DEPRECATED_OBJC_IMPLEMENTATIONS = YES;
				CLANG_WARN_DIRECT_OBJC_ISA_USAGE = YES_ERROR;
				CLANG_WARN_DOCUMENTATION_COMMENTS = YES;
				CLANG_WARN_EMPTY_BODY = YES;
				CLANG_WARN_ENUM_CONVERSION = YES;
				CLANG_WARN_INFINITE_RECURSION = YES;
				CLANG_WARN_INT_CONVERSION = YES;
				CLANG_WARN_NON_LITERAL_NULL_CONVERSION = YES;
				CLANG_WARN_OBJC_IMPLICIT_RETAIN_SELF = YES;
				CLANG_WARN_OBJC_LITERAL_CONVERSION = YES;
				CLANG_WARN_OBJC_ROOT_CLASS = YES_ERROR;
				CLANG_WARN_RANGE_LOOP_ANALYSIS = YES;
				CLANG_WARN_STRICT_PROTOTYPES = YES;
				CLANG_WARN_SUSPICIOUS_MOVE = YES;
				CLANG_WARN_UNGUARDED_AVAILABILITY = YES_AGGRESSIVE;
				CLANG_WARN_UNREACHABLE_CODE = YES;
				CLANG_WARN__DUPLICATE_METHOD_MATCH = YES;
				CODE_SIGN_IDENTITY = "iPhone Developer";
				COPY_PHASE_STRIP = NO;
				DEBUG_INFORMATION_FORMAT = dwarf;
				ENABLE_STRICT_OBJC_MSGSEND = YES;
				ENABLE_TESTABILITY = YES;
				GCC_C_LANGUAGE_STANDARD = gnu11;
				GCC_DYNAMIC_NO_PIC = NO;
				GCC_NO_COMMON_BLOCKS = YES;
				GCC_OPTIMIZATION_LEVEL = 0;
				GCC_PREPROCESSOR_DEFINITIONS = (
					"DEBUG=1",
					"$(inherited)",
				);
				GCC_WARN_64_TO_32_BIT_CONVERSION = YES;
				GCC_WARN_ABOUT_RETURN_TYPE = YES_ERROR;
				GCC_WARN_UNDECLARED_SELECTOR = YES;
				GCC_WARN_UNINITIALIZED_AUTOS = YES_AGGRESSIVE;
				GCC_WARN_UNUSED_FUNCTION = YES;
				GCC_WARN_UNUSED_VARIABLE = YES;
				IPHONEOS_DEPLOYMENT_TARGET = 11.4;
				MTL_ENABLE_DEBUG_INFO = YES;
				ONLY_ACTIVE_ARCH = YES;
				SDKROOT = iphoneos;
			};
			name = Debug;
		};
		C76CCC0220F35F2500C80859 /* Release */ = {
			isa = XCBuildConfiguration;
			buildSettings = {
				ALWAYS_SEARCH_USER_PATHS = NO;
				CLANG_ANALYZER_NONNULL = YES;
				CLANG_ANALYZER_NUMBER_OBJECT_CONVERSION = YES_AGGRESSIVE;
				CLANG_CXX_LANGUAGE_STANDARD = "gnu++14";
				CLANG_CXX_LIBRARY = "libc++";
				CLANG_ENABLE_MODULES = YES;
				CLANG_ENABLE_OBJC_ARC = YES;
				CLANG_ENABLE_OBJC_WEAK = YES;
				CLANG_WARN_BLOCK_CAPTURE_AUTORELEASING = YES;
				CLANG_WARN_BOOL_CONVERSION = YES;
				CLANG_WARN_COMMA = YES;
				CLANG_WARN_CONSTANT_CONVERSION = YES;
				CLANG_WARN_DEPRECATED_OBJC_IMPLEMENTATIONS = YES;
				CLANG_WARN_DIRECT_OBJC_ISA_USAGE = YES_ERROR;
				CLANG_WARN_DOCUMENTATION_COMMENTS = YES;
				CLANG_WARN_EMPTY_BODY = YES;
				CLANG_WARN_ENUM_CONVERSION = YES;
				CLANG_WARN_INFINITE_RECURSION = YES;
				CLANG_WARN_INT_CONVERSION = YES;
				CLANG_WARN_NON_LITERAL_NULL_CONVERSION = YES;
				CLANG_WARN_OBJC_IMPLICIT_RETAIN_SELF = YES;
				CLANG_WARN_OBJC_LITERAL_CONVERSION = YES;
				CLANG_WARN_OBJC_ROOT_CLASS = YES_ERROR;
				CLANG_WARN_RANGE_LOOP_ANALYSIS = YES;
				CLANG_WARN_STRICT_PROTOTYPES = YES;
				CLANG_WARN_SUSPICIOUS_MOVE = YES;
				CLANG_WARN_UNGUARDED_AVAILABILITY = YES_AGGRESSIVE;
				CLANG_WARN_UNREACHABLE_CODE = YES;
				CLANG_WARN__DUPLICATE_METHOD_MATCH = YES;
				CODE_SIGN_IDENTITY = "iPhone Developer";
				COPY_PHASE_STRIP = NO;
				DEBUG_INFORMATION_FORMAT = "dwarf-with-dsym";
				ENABLE_NS_ASSERTIONS = NO;
				ENABLE_STRICT_OBJC_MSGSEND = YES;
				GCC_C_LANGUAGE_STANDARD = gnu11;
				GCC_NO_COMMON_BLOCKS = YES;
				GCC_WARN_64_TO_32_BIT_CONVERSION = YES;
				GCC_WARN_ABOUT_RETURN_TYPE = YES_ERROR;
				GCC_WARN_UNDECLARED_SELECTOR = YES;
				GCC_WARN_UNINITIALIZED_AUTOS = YES_AGGRESSIVE;
				GCC_WARN_UNUSED_FUNCTION = YES;
				GCC_WARN_UNUSED_VARIABLE = YES;
				IPHONEOS_DEPLOYMENT_TARGET = 11.4;
				MTL_ENABLE_DEBUG_INFO = NO;
				SDKROOT = iphoneos;
				VALIDATE_PRODUCT = YES;
			};
			name = Release;
		};
		C76CCC0420F35F2500C80859 /* Debug */ = {
			isa = XCBuildConfiguration;
			buildSettings = {
				ASSETCATALOG_COMPILER_APPICON_NAME = AppIcon;
				CODE_SIGN_STYLE = Automatic;
				INFOPLIST_FILE = ECommerceApp/Info.plist;
				LD_RUNPATH_SEARCH_PATHS = (
					"$(inherited)",
					"@executable_path/Frameworks",
				);
				PRODUCT_BUNDLE_IDENTIFIER = com.routeforpurchase.touchidsampleobjc.ECommerceApp;
				PRODUCT_NAME = "$(TARGET_NAME)";
				TARGETED_DEVICE_FAMILY = "1,2";
			};
			name = Debug;
		};
		C76CCC0520F35F2500C80859 /* Release */ = {
			isa = XCBuildConfiguration;
			buildSettings = {
				ASSETCATALOG_COMPILER_APPICON_NAME = AppIcon;
				CODE_SIGN_STYLE = Automatic;
				INFOPLIST_FILE = ECommerceApp/Info.plist;
				LD_RUNPATH_SEARCH_PATHS = (
					"$(inherited)",
					"@executable_path/Frameworks",
				);
				PRODUCT_BUNDLE_IDENTIFIER = com.routeforpurchase.touchidsampleobjc.ECommerceApp;
				PRODUCT_NAME = "$(TARGET_NAME)";
				TARGETED_DEVICE_FAMILY = "1,2";
			};
			name = Release;
		};
/* End XCBuildConfiguration section */

/* Begin XCConfigurationList section */
		C76CCBE520F35F2200C80859 /* Build configuration list for PBXProject "ECommerceApp" */ = {
			isa = XCConfigurationList;
			buildConfigurations = (
				C76CCC0120F35F2500C80859 /* Debug */,
				C76CCC0220F35F2500C80859 /* Release */,
			);
			defaultConfigurationIsVisible = 0;
			defaultConfigurationName = Release;
		};
		C76CCC0320F35F2500C80859 /* Build configuration list for PBXNativeTarget "ECommerceApp" */ = {
			isa = XCConfigurationList;
			buildConfigurations = (
				C76CCC0420F35F2500C80859 /* Debug */,
				C76CCC0520F35F2500C80859 /* Release */,
			);
			defaultConfigurationIsVisible = 0;
			defaultConfigurationName = Release;
		};
/* End XCConfigurationList section */

/* Begin XCVersionGroup section */
		C76CCBF620F35F2200C80859 /* ECommerceApp.xcdatamodeld */ = {
			isa = XCVersionGroup;
			children = (
				C76CCBF720F35F2200C80859 /* ECommerceApp.xcdatamodel */,
			);
			currentVersion = C76CCBF720F35F2200C80859 /* ECommerceApp.xcdatamodel */;
			path = ECommerceApp.xcdatamodeld;
			sourceTree = "<group>";
			versionGroupType = wrapper.xcdatamodel;
		};
/* End XCVersionGroup section */
	};
	rootObject = C76CCBE220F35F2200C80859 /* Project object */;
}
